
Microsoft Visual Studio Solution File, Format Version 12.00
# Visual Studio Version 17
VisualStudioVersion = 17.0.31903.59
MinimumVisualStudioVersion = 10.0.40219.1
Project("{FAE04EC0-301F-11D3-BF4B-00C04F79EFBC}") = "Core", "Core\Core.csproj", "{917B2BAA-44CF-4DBB-AEC2-BE9F915F69FB}"
EndProject
Project("{FAE04EC0-301F-11D3-BF4B-00C04F79EFBC}") = "Contrat", "Contrat\Contrat.csproj", "{1A8AA721-7A01-4170-982C-6D03B549B6F8}"
EndProject
Project("{FAE04EC0-301F-11D3-BF4B-00C04F79EFBC}") = "API", "API\API.csproj", "{656A8B4E-5C08-43BA-AE23-165A4AA12595}"
EndProject
Global
	GlobalSection(SolutionConfigurationPlatforms) = preSolution
		Debug|Any CPU = Debug|Any CPU
		Release|Any CPU = Release|Any CPU
	EndGlobalSection
	GlobalSection(SolutionProperties) = preSolution
		HideSolutionNode = FALSE
	EndGlobalSection
	GlobalSection(ProjectConfigurationPlatforms) = postSolution
		{917B2BAA-44CF-4DBB-AEC2-BE9F915F69FB}.Debug|Any CPU.ActiveCfg = Debug|Any CPU
		{917B2BAA-44CF-4DBB-AEC2-BE9F915F69FB}.Debug|Any CPU.Build.0 = Debug|Any CPU
		{917B2BAA-44CF-4DBB-AEC2-BE9F915F69FB}.Release|Any CPU.ActiveCfg = Release|Any CPU
		{917B2BAA-44CF-4DBB-AEC2-BE9F915F69FB}.Release|Any CPU.Build.0 = Release|Any CPU
		{1A8AA721-7A01-4170-982C-6D03B549B6F8}.Debug|Any CPU.ActiveCfg = Debug|Any CPU
		{1A8AA721-7A01-4170-982C-6D03B549B6F8}.Debug|Any CPU.Build.0 = Debug|Any CPU
		{1A8AA721-7A01-4170-982C-6D03B549B6F8}.Release|Any CPU.ActiveCfg = Release|Any CPU
		{1A8AA721-7A01-4170-982C-6D03B549B6F8}.Release|Any CPU.Build.0 = Release|Any CPU
		{656A8B4E-5C08-43BA-AE23-165A4AA12595}.Debug|Any CPU.ActiveCfg = Debug|Any CPU
		{656A8B4E-5C08-43BA-AE23-165A4AA12595}.Debug|Any CPU.Build.0 = Debug|Any CPU
		{656A8B4E-5C08-43BA-AE23-165A4AA12595}.Release|Any CPU.ActiveCfg = Release|Any CPU
		{656A8B4E-5C08-43BA-AE23-165A4AA12595}.Release|Any CPU.Build.0 = Release|Any CPU
	EndGlobalSection
EndGlobal
